// !$*UTF8*$!
{
	archiveVersion = 1;
	classes = {
	};
	objectVersion = 50;
	objects = {

/* Begin PBXBuildFile section */
		275E5D21E69EACA58D18334B /* Pods_DuushFlix.framework in Frameworks */ = {isa = PBXBuildFile; fileRef = A7110E48928B88A283A54B9B /* Pods_DuushFlix.framework */; };
		940B4D0625DC460500DB699D /* DuushFlixApp.swift in Sources */ = {isa = PBXBuildFile; fileRef = 940B4D0525DC460500DB699D /* DuushFlixApp.swift */; };
		940B4D0825DC460500DB699D /* ContentView.swift in Sources */ = {isa = PBXBuildFile; fileRef = 940B4D0725DC460500DB699D /* ContentView.swift */; };
		940B4D0A25DC460700DB699D /* Assets.xcassets in Resources */ = {isa = PBXBuildFile; fileRef = 940B4D0925DC460700DB699D /* Assets.xcassets */; };
		940B4D0D25DC460700DB699D /* Preview Assets.xcassets in Resources */ = {isa = PBXBuildFile; fileRef = 940B4D0C25DC460700DB699D /* Preview Assets.xcassets */; };
		940B4D1625DC461E00DB699D /* Video.swift in Sources */ = {isa = PBXBuildFile; fileRef = 940B4D1525DC461E00DB699D /* Video.swift */; };
		940B4D1A25DC84BA00DB699D /* HeroImage.swift in Sources */ = {isa = PBXBuildFile; fileRef = 940B4D1925DC84BA00DB699D /* HeroImage.swift */; };
		940B4D1E25DC84FA00DB699D /* PlaylistRow.swift in Sources */ = {isa = PBXBuildFile; fileRef = 940B4D1D25DC84FA00DB699D /* PlaylistRow.swift */; };
/* End PBXBuildFile section */

/* Begin PBXFileReference section */
		5559FA171E89AD3587F194B5 /* Pods-DuushFlix.release.xcconfig */ = {isa = PBXFileReference; includeInIndex = 1; lastKnownFileType = text.xcconfig; name = "Pods-DuushFlix.release.xcconfig"; path = "Target Support Files/Pods-DuushFlix/Pods-DuushFlix.release.xcconfig"; sourceTree = "<group>"; };
		940B4D0225DC460500DB699D /* DuushFlix.app */ = {isa = PBXFileReference; explicitFileType = wrapper.application; includeInIndex = 0; path = DuushFlix.app; sourceTree = BUILT_PRODUCTS_DIR; };
		940B4D0525DC460500DB699D /* DuushFlixApp.swift */ = {isa = PBXFileReference; lastKnownFileType = sourcecode.swift; path = DuushFlixApp.swift; sourceTree = "<group>"; };
		940B4D0725DC460500DB699D /* ContentView.swift */ = {isa = PBXFileReference; lastKnownFileType = sourcecode.swift; path = ContentView.swift; sourceTree = "<group>"; };
		940B4D0925DC460700DB699D /* Assets.xcassets */ = {isa = PBXFileReference; lastKnownFileType = folder.assetcatalog; path = Assets.xcassets; sourceTree = "<group>"; };
		940B4D0C25DC460700DB699D /* Preview Assets.xcassets */ = {isa = PBXFileReference; lastKnownFileType = folder.assetcatalog; path = "Preview Assets.xcassets"; sourceTree = "<group>"; };
		940B4D0E25DC460700DB699D /* Info.plist */ = {isa = PBXFileReference; lastKnownFileType = text.plist.xml; path = Info.plist; sourceTree = "<group>"; };
		940B4D1525DC461E00DB699D /* Video.swift */ = {isa = PBXFileReference; lastKnownFileType = sourcecode.swift; path = Video.swift; sourceTree = "<group>"; };
		940B4D1925DC84BA00DB699D /* HeroImage.swift */ = {isa = PBXFileReference; lastKnownFileType = sourcecode.swift; path = HeroImage.swift; sourceTree = "<group>"; };
		940B4D1D25DC84FA00DB699D /* PlaylistRow.swift */ = {isa = PBXFileReference; lastKnownFileType = sourcecode.swift; path = PlaylistRow.swift; sourceTree = "<group>"; };
		A7110E48928B88A283A54B9B /* Pods_DuushFlix.framework */ = {isa = PBXFileReference; explicitFileType = wrapper.framework; includeInIndex = 0; path = Pods_DuushFlix.framework; sourceTree = BUILT_PRODUCTS_DIR; };
		F6B874759447733BB69A780A /* Pods-DuushFlix.debug.xcconfig */ = {isa = PBXFileReference; includeInIndex = 1; lastKnownFileType = text.xcconfig; name = "Pods-DuushFlix.debug.xcconfig"; path = "Target Support Files/Pods-DuushFlix/Pods-DuushFlix.debug.xcconfig"; sourceTree = "<group>"; };
/* End PBXFileReference section */

/* Begin PBXFrameworksBuildPhase section */
		940B4CFF25DC460500DB699D /* Frameworks */ = {
			isa = PBXFrameworksBuildPhase;
			buildActionMask = 2147483647;
			files = (
				275E5D21E69EACA58D18334B /* Pods_DuushFlix.framework in Frameworks */,
			);
			runOnlyForDeploymentPostprocessing = 0;
		};
/* End PBXFrameworksBuildPhase section */

/* Begin PBXGroup section */
		8AE915BDE45F6158F4866DAF /* Frameworks */ = {
			isa = PBXGroup;
			children = (
				A7110E48928B88A283A54B9B /* Pods_DuushFlix.framework */,
			);
			name = Frameworks;
			sourceTree = "<group>";
		};
		940B4CF925DC460500DB699D = {
			isa = PBXGroup;
			children = (
				940B4D0425DC460500DB699D /* DuushFlix */,
				940B4D0325DC460500DB699D /* Products */,
				E6145043AF391C741FFC436F /* Pods */,
				8AE915BDE45F6158F4866DAF /* Frameworks */,
			);
			sourceTree = "<group>";
		};
		940B4D0325DC460500DB699D /* Products */ = {
			isa = PBXGroup;
			children = (
				940B4D0225DC460500DB699D /* DuushFlix.app */,
			);
			name = Products;
			sourceTree = "<group>";
		};
		940B4D0425DC460500DB699D /* DuushFlix */ = {
			isa = PBXGroup;
			children = (
				940B4D0525DC460500DB699D /* DuushFlixApp.swift */,
				940B4D0725DC460500DB699D /* ContentView.swift */,
				940B4D1925DC84BA00DB699D /* HeroImage.swift */,
				940B4D1D25DC84FA00DB699D /* PlaylistRow.swift */,
				940B4D1525DC461E00DB699D /* Video.swift */,
				940B4D0925DC460700DB699D /* Assets.xcassets */,
				940B4D0E25DC460700DB699D /* Info.plist */,
				940B4D0B25DC460700DB699D /* Preview Content */,
			);
			path = DuushFlix;
			sourceTree = "<group>";
		};
		940B4D0B25DC460700DB699D /* Preview Content */ = {
			isa = PBXGroup;
			children = (
				940B4D0C25DC460700DB699D /* Preview Assets.xcassets */,
			);
			path = "Preview Content";
			sourceTree = "<group>";
		};
		E6145043AF391C741FFC436F /* Pods */ = {
			isa = PBXGroup;
			children = (
				F6B874759447733BB69A780A /* Pods-DuushFlix.debug.xcconfig */,
				5559FA171E89AD3587F194B5 /* Pods-DuushFlix.release.xcconfig */,
			);
			name = Pods;
			path = Pods;
			sourceTree = "<group>";
		};
/* End PBXGroup section */

/* Begin PBXNativeTarget section */
		940B4D0125DC460500DB699D /* DuushFlix */ = {
			isa = PBXNativeTarget;
			buildConfigurationList = 940B4D1125DC460700DB699D /* Build configuration list for PBXNativeTarget "DuushFlix" */;
			buildPhases = (
				FD879497C4252A8E1170F6B2 /* [CP] Check Pods Manifest.lock */,
				940B4CFE25DC460500DB699D /* Sources */,
				940B4CFF25DC460500DB699D /* Frameworks */,
				940B4D0025DC460500DB699D /* Resources */,
				4AD0F4CB83EB5529698DF3B0 /* [CP] Copy Pods Resources */,
				5BA07E4E5D886181F9C0F455 /* [CP] Embed Pods Frameworks */,
			);
			buildRules = (
			);
			dependencies = (
			);
			name = DuushFlix;
			productName = DuushFlix;
			productReference = 940B4D0225DC460500DB699D /* DuushFlix.app */;
			productType = "com.apple.product-type.application";
		};
/* End PBXNativeTarget section */

/* Begin PBXProject section */
		940B4CFA25DC460500DB699D /* Project object */ = {
			isa = PBXProject;
			attributes = {
				LastSwiftUpdateCheck = 1240;
				LastUpgradeCheck = 1240;
				TargetAttributes = {
					940B4D0125DC460500DB699D = {
						CreatedOnToolsVersion = 12.4;
					};
				};
			};
			buildConfigurationList = 940B4CFD25DC460500DB699D /* Build configuration list for PBXProject "DuushFlix" */;
			compatibilityVersion = "Xcode 9.3";
			developmentRegion = en;
			hasScannedForEncodings = 0;
			knownRegions = (
				en,
				Base,
			);
			mainGroup = 940B4CF925DC460500DB699D;
			productRefGroup = 940B4D0325DC460500DB699D /* Products */;
			projectDirPath = "";
			projectRoot = "";
			targets = (
				940B4D0125DC460500DB699D /* DuushFlix */,
			);
		};
/* End PBXProject section */

/* Begin PBXResourcesBuildPhase section */
		940B4D0025DC460500DB699D /* Resources */ = {
			isa = PBXResourcesBuildPhase;
			buildActionMask = 2147483647;
			files = (
				940B4D0D25DC460700DB699D /* Preview Assets.xcassets in Resources */,
				940B4D0A25DC460700DB699D /* Assets.xcassets in Resources */,
			);
			runOnlyForDeploymentPostprocessing = 0;
		};
/* End PBXResourcesBuildPhase section */

/* Begin PBXShellScriptBuildPhase section */
		4AD0F4CB83EB5529698DF3B0 /* [CP] Copy Pods Resources */ = {
			isa = PBXShellScriptBuildPhase;
			buildActionMask = 2147483647;
			files = (
			);
			inputFileListPaths = (
				"${PODS_ROOT}/Target Support Files/Pods-DuushFlix/Pods-DuushFlix-resources-${CONFIGURATION}-input-files.xcfilelist",
			);
			name = "[CP] Copy Pods Resources";
			outputFileListPaths = (
				"${PODS_ROOT}/Target Support Files/Pods-DuushFlix/Pods-DuushFlix-resources-${CONFIGURATION}-output-files.xcfilelist",
			);
			runOnlyForDeploymentPostprocessing = 0;
			shellPath = /bin/sh;
			shellScript = "\"${PODS_ROOT}/Target Support Files/Pods-DuushFlix/Pods-DuushFlix-resources.sh\"\n";
			showEnvVarsInLog = 0;
		};
		5BA07E4E5D886181F9C0F455 /* [CP] Embed Pods Frameworks */ = {
			isa = PBXShellScriptBuildPhase;
			buildActionMask = 2147483647;
			files = (
			);
			inputFileListPaths = (
				"${PODS_ROOT}/Target Support Files/Pods-DuushFlix/Pods-DuushFlix-frameworks-${CONFIGURATION}-input-files.xcfilelist",
			);
			name = "[CP] Embed Pods Frameworks";
			outputFileListPaths = (
				"${PODS_ROOT}/Target Support Files/Pods-DuushFlix/Pods-DuushFlix-frameworks-${CONFIGURATION}-output-files.xcfilelist",
			);
			runOnlyForDeploymentPostprocessing = 0;
			shellPath = /bin/sh;
			shellScript = "\"${PODS_ROOT}/Target Support Files/Pods-DuushFlix/Pods-DuushFlix-frameworks.sh\"\n";
			showEnvVarsInLog = 0;
		};
		FD879497C4252A8E1170F6B2 /* [CP] Check Pods Manifest.lock */ = {
			isa = PBXShellScriptBuildPhase;
			buildActionMask = 2147483647;
			files = (
			);
			inputFileListPaths = (
			);
			inputPaths = (
				"${PODS_PODFILE_DIR_PATH}/Podfile.lock",
				"${PODS_ROOT}/Manifest.lock",
			);
			name = "[CP] Check Pods Manifest.lock";
			outputFileListPaths = (
			);
			outputPaths = (
				"$(DERIVED_FILE_DIR)/Pods-DuushFlix-checkManifestLockResult.txt",
			);
			runOnlyForDeploymentPostprocessing = 0;
			shellPath = /bin/sh;
			shellScript = "diff \"${PODS_PODFILE_DIR_PATH}/Podfile.lock\" \"${PODS_ROOT}/Manifest.lock\" > /dev/null\nif [ $? != 0 ] ; then\n    # print error to STDERR\n    echo \"error: The sandbox is not in sync with the Podfile.lock. Run 'pod install' or update your CocoaPods installation.\" >&2\n    exit 1\nfi\n# This output is used by Xcode 'outputs' to avoid re-running this script phase.\necho \"SUCCESS\" > \"${SCRIPT_OUTPUT_FILE_0}\"\n";
			showEnvVarsInLog = 0;
		};
/* End PBXShellScriptBuildPhase section */

/* Begin PBXSourcesBuildPhase section */
		940B4CFE25DC460500DB699D /* Sources */ = {
			isa = PBXSourcesBuildPhase;
			buildActionMask = 2147483647;
			files = (
				940B4D0825DC460500DB699D /* ContentView.swift in Sources */,
				940B4D1625DC461E00DB699D /* Video.swift in Sources */,
				940B4D1E25DC84FA00DB699D /* PlaylistRow.swift in Sources */,
				940B4D0625DC460500DB699D /* DuushFlixApp.swift in Sources */,
				940B4D1A25DC84BA00DB699D /* HeroImage.swift in Sources */,
			);
			runOnlyForDeploymentPostprocessing = 0;
		};
/* End PBXSourcesBuildPhase section */

/* Begin XCBuildConfiguration section */
		940B4D0F25DC460700DB699D /* Debug */ = {
			isa = XCBuildConfiguration;
			buildSettings = {
				ALWAYS_SEARCH_USER_PATHS = NO;
				CLANG_ANALYZER_NONNULL = YES;
				CLANG_ANALYZER_NUMBER_OBJECT_CONVERSION = YES_AGGRESSIVE;
				CLANG_CXX_LANGUAGE_STANDARD = "gnu++14";
				CLANG_CXX_LIBRARY = "libc++";
				CLANG_ENABLE_MODULES = YES;
				CLANG_ENABLE_OBJC_ARC = YES;
				CLANG_ENABLE_OBJC_WEAK = YES;
				CLANG_WARN_BLOCK_CAPTURE_AUTORELEASING = YES;
				CLANG_WARN_BOOL_CONVERSION = YES;
				CLANG_WARN_COMMA = YES;
				CLANG_WARN_CONSTANT_CONVERSION = YES;
				CLANG_WARN_DEPRECATED_OBJC_IMPLEMENTATIONS = YES;
				CLANG_WARN_DIRECT_OBJC_ISA_USAGE = YES_ERROR;
				CLANG_WARN_DOCUMENTATION_COMMENTS = YES;
				CLANG_WARN_EMPTY_BODY = YES;
				CLANG_WARN_ENUM_CONVERSION = YES;
				CLANG_WARN_INFINITE_RECURSION = YES;
				CLANG_WARN_INT_CONVERSION = YES;
				CLANG_WARN_NON_LITERAL_NULL_CONVERSION = YES;
				CLANG_WARN_OBJC_IMPLICIT_RETAIN_SELF = YES;
				CLANG_WARN_OBJC_LITERAL_CONVERSION = YES;
				CLANG_WARN_OBJC_ROOT_CLASS = YES_ERROR;
				CLANG_WARN_QUOTED_INCLUDE_IN_FRAMEWORK_HEADER = YES;
				CLANG_WARN_RANGE_LOOP_ANALYSIS = YES;
				CLANG_WARN_STRICT_PROTOTYPES = YES;
				CLANG_WARN_SUSPICIOUS_MOVE = YES;
				CLANG_WARN_UNGUARDED_AVAILABILITY = YES_AGGRESSIVE;
				CLANG_WARN_UNREACHABLE_CODE = YES;
				CLANG_WARN__DUPLICATE_METHOD_MATCH = YES;
				COPY_PHASE_STRIP = NO;
				DEBUG_INFORMATION_FORMAT = dwarf;
				ENABLE_STRICT_OBJC_MSGSEND = YES;
				ENABLE_TESTABILITY = YES;
				GCC_C_LANGUAGE_STANDARD = gnu11;
				GCC_DYNAMIC_NO_PIC = NO;
				GCC_NO_COMMON_BLOCKS = YES;
				GCC_OPTIMIZATION_LEVEL = 0;
				GCC_PREPROCESSOR_DEFINITIONS = (
					"DEBUG=1",
					"$(inherited)",
				);
				GCC_WARN_64_TO_32_BIT_CONVERSION = YES;
				GCC_WARN_ABOUT_RETURN_TYPE = YES_ERROR;
				GCC_WARN_UNDECLARED_SELECTOR = YES;
				GCC_WARN_UNINITIALIZED_AUTOS = YES_AGGRESSIVE;
				GCC_WARN_UNUSED_FUNCTION = YES;
				GCC_WARN_UNUSED_VARIABLE = YES;
				IPHONEOS_DEPLOYMENT_TARGET = 14.4;
				MTL_ENABLE_DEBUG_INFO = INCLUDE_SOURCE;
				MTL_FAST_MATH = YES;
				ONLY_ACTIVE_ARCH = YES;
				SDKROOT = iphoneos;
				SWIFT_ACTIVE_COMPILATION_CONDITIONS = DEBUG;
				SWIFT_OPTIMIZATION_LEVEL = "-Onone";
			};
			name = Debug;
		};
		940B4D1025DC460700DB699D /* Release */ = {
			isa = XCBuildConfiguration;
			buildSettings = {
				ALWAYS_SEARCH_USER_PATHS = NO;
				CLANG_ANALYZER_NONNULL = YES;
				CLANG_ANALYZER_NUMBER_OBJECT_CONVERSION = YES_AGGRESSIVE;
				CLANG_CXX_LANGUAGE_STANDARD = "gnu++14";
				CLANG_CXX_LIBRARY = "libc++";
				CLANG_ENABLE_MODULES = YES;
				CLANG_ENABLE_OBJC_ARC = YES;
				CLANG_ENABLE_OBJC_WEAK = YES;
				CLANG_WARN_BLOCK_CAPTURE_AUTORELEASING = YES;
				CLANG_WARN_BOOL_CONVERSION = YES;
				CLANG_WARN_COMMA = YES;
				CLANG_WARN_CONSTANT_CONVERSION = YES;
				CLANG_WARN_DEPRECATED_OBJC_IMPLEMENTATIONS = YES;
				CLANG_WARN_DIRECT_OBJC_ISA_USAGE = YES_ERROR;
				CLANG_WARN_DOCUMENTATION_COMMENTS = YES;
				CLANG_WARN_EMPTY_BODY = YES;
				CLANG_WARN_ENUM_CONVERSION = YES;
				CLANG_WARN_INFINITE_RECURSION = YES;
				CLANG_WARN_INT_CONVERSION = YES;
				CLANG_WARN_NON_LITERAL_NULL_CONVERSION = YES;
				CLANG_WARN_OBJC_IMPLICIT_RETAIN_SELF = YES;
				CLANG_WARN_OBJC_LITERAL_CONVERSION = YES;
				CLANG_WARN_OBJC_ROOT_CLASS = YES_ERROR;
				CLANG_WARN_QUOTED_INCLUDE_IN_FRAMEWORK_HEADER = YES;
				CLANG_WARN_RANGE_LOOP_ANALYSIS = YES;
				CLANG_WARN_STRICT_PROTOTYPES = YES;
				CLANG_WARN_SUSPICIOUS_MOVE = YES;
				CLANG_WARN_UNGUARDED_AVAILABILITY = YES_AGGRESSIVE;
				CLANG_WARN_UNREACHABLE_CODE = YES;
				CLANG_WARN__DUPLICATE_METHOD_MATCH = YES;
				COPY_PHASE_STRIP = NO;
				DEBUG_INFORMATION_FORMAT = "dwarf-with-dsym";
				ENABLE_NS_ASSERTIONS = NO;
				ENABLE_STRICT_OBJC_MSGSEND = YES;
				GCC_C_LANGUAGE_STANDARD = gnu11;
				GCC_NO_COMMON_BLOCKS = YES;
				GCC_WARN_64_TO_32_BIT_CONVERSION = YES;
				GCC_WARN_ABOUT_RETURN_TYPE = YES_ERROR;
				GCC_WARN_UNDECLARED_SELECTOR = YES;
				GCC_WARN_UNINITIALIZED_AUTOS = YES_AGGRESSIVE;
				GCC_WARN_UNUSED_FUNCTION = YES;
				GCC_WARN_UNUSED_VARIABLE = YES;
				IPHONEOS_DEPLOYMENT_TARGET = 14.4;
				MTL_ENABLE_DEBUG_INFO = NO;
				MTL_FAST_MATH = YES;
				SDKROOT = iphoneos;
				SWIFT_COMPILATION_MODE = wholemodule;
				SWIFT_OPTIMIZATION_LEVEL = "-O";
				VALIDATE_PRODUCT = YES;
			};
			name = Release;
		};
		940B4D1225DC460700DB699D /* Debug */ = {
			isa = XCBuildConfiguration;
			baseConfigurationReference = F6B874759447733BB69A780A /* Pods-DuushFlix.debug.xcconfig */;
			buildSettings = {
				ASSETCATALOG_COMPILER_APPICON_NAME = AppIcon;
				ASSETCATALOG_COMPILER_GLOBAL_ACCENT_COLOR_NAME = AccentColor;
				CODE_SIGN_STYLE = Automatic;
				DEVELOPMENT_ASSET_PATHS = "\"DuushFlix/Preview Content\"";
				DEVELOPMENT_TEAM = N6UAGD6F2D;
				ENABLE_PREVIEWS = YES;
				INFOPLIST_FILE = DuushFlix/Info.plist;
				IPHONEOS_DEPLOYMENT_TARGET = 14.0;
				LD_RUNPATH_SEARCH_PATHS = (
					"$(inherited)",
					"@executable_path/Frameworks",
				);
				PRODUCT_BUNDLE_IDENTIFIER = "com.antonio-duush-CO.DuushFlix";
				PRODUCT_NAME = "$(TARGET_NAME)";
				SWIFT_VERSION = 5.0;
				TARGETED_DEVICE_FAMILY = "1,2";
			};
			name = Debug;
		};
		940B4D1325DC460700DB699D /* Release */ = {
			isa = XCBuildConfiguration;
			baseConfigurationReference = 5559FA171E89AD3587F194B5 /* Pods-DuushFlix.release.xcconfig */;
			buildSettings = {
				ASSETCATALOG_COMPILER_APPICON_NAME = AppIcon;
				ASSETCATALOG_COMPILER_GLOBAL_ACCENT_COLOR_NAME = AccentColor;
				CODE_SIGN_STYLE = Automatic;
				DEVELOPMENT_ASSET_PATHS = "\"DuushFlix/Preview Content\"";
				DEVELOPMENT_TEAM = N6UAGD6F2D;
				ENABLE_PREVIEWS = YES;
				INFOPLIST_FILE = DuushFlix/Info.plist;
				IPHONEOS_DEPLOYMENT_TARGET = 14.0;
				LD_RUNPATH_SEARCH_PATHS = (
					"$(inherited)",
					"@executable_path/Frameworks",
				);
				PRODUCT_BUNDLE_IDENTIFIER = "com.antonio-duush-CO.DuushFlix";
				PRODUCT_NAME = "$(TARGET_NAME)";
				SWIFT_VERSION = 5.0;
				TARGETED_DEVICE_FAMILY = "1,2";
			};
			name = Release;
		};
/* End XCBuildConfiguration section */

/* Begin XCConfigurationList section */
		940B4CFD25DC460500DB699D /* Build configuration list for PBXProject "DuushFlix" */ = {
			isa = XCConfigurationList;
			buildConfigurations = (
				940B4D0F25DC460700DB699D /* Debug */,
				940B4D1025DC460700DB699D /* Release */,
			);
			defaultConfigurationIsVisible = 0;
			defaultConfigurationName = Release;
		};
		940B4D1125DC460700DB699D /* Build configuration list for PBXNativeTarget "DuushFlix" */ = {
			isa = XCConfigurationList;
			buildConfigurations = (
				940B4D1225DC460700DB699D /* Debug */,
				940B4D1325DC460700DB699D /* Release */,
			);
			defaultConfigurationIsVisible = 0;
			defaultConfigurationName = Release;
		};
/* End XCConfigurationList section */
	};
	rootObject = 940B4CFA25DC460500DB699D /* Project object */;
}
